
Microsoft Visual Studio Solution File, Format Version 12.00
# Visual Studio Version 16
VisualStudioVersion = 16.0.31624.102
MinimumVisualStudioVersion = 10.0.40219.1
Project("{FAE04EC0-301F-11D3-BF4B-00C04F79EFBC}") = "CodingEvents1", "CodingEvents1.csproj", "{CA8D4F24-E8F2-402D-86D5-C4F6CB2F47FE}"
EndProject
Global
	GlobalSection(SolutionConfigurationPlatforms) = preSolution
		Debug|Any CPU = Debug|Any CPU
		Release|Any CPU = Release|Any CPU
	EndGlobalSection
	GlobalSection(ProjectConfigurationPlatforms) = postSolution
		{CA8D4F24-E8F2-402D-86D5-C4F6CB2F47FE}.Debug|Any CPU.ActiveCfg = Debug|Any CPU
		{CA8D4F24-E8F2-402D-86D5-C4F6CB2F47FE}.Debug|Any CPU.Build.0 = Debug|Any CPU
		{CA8D4F24-E8F2-402D-86D5-C4F6CB2F47FE}.Release|Any CPU.ActiveCfg = Release|Any CPU
		{CA8D4F24-E8F2-402D-86D5-C4F6CB2F47FE}.Release|Any CPU.Build.0 = Release|Any CPU
	EndGlobalSection
	GlobalSection(SolutionProperties) = preSolution
		HideSolutionNode = FALSE
	EndGlobalSection
	GlobalSection(ExtensibilityGlobals) = postSolution
		SolutionGuid = {E6B367C4-6B7A-449F-A8D1-B6EB29C87F5C}
	EndGlobalSection
EndGlobal
